
Microsoft Visual Studio Solution File, Format Version 12.00
# Visual Studio Version 16
VisualStudioVersion = 16.0.30621.155
MinimumVisualStudioVersion = 10.0.40219.1
Project("{8BC9CEB8-8B4A-11D0-8D11-00A0C91BC942}") = "project", "project\project.vcxproj", "{3E6050E7-45CE-4BAD-80E6-2A6E4A9BA154}"
EndProject
Global
	GlobalSection(SolutionConfigurationPlatforms) = preSolution
		Debug|x64 = Debug|x64
		Debug|x86 = Debug|x86
		Release|x64 = Release|x64
		Release|x86 = Release|x86
	EndGlobalSection
	GlobalSection(ProjectConfigurationPlatforms) = postSolution
		{3E6050E7-45CE-4BAD-80E6-2A6E4A9BA154}.Debug|x64.ActiveCfg = Debug|x64
		{3E6050E7-45CE-4BAD-80E6-2A6E4A9BA154}.Debug|x64.Build.0 = Debug|x64
		{3E6050E7-45CE-4BAD-80E6-2A6E4A9BA154}.Debug|x86.ActiveCfg = Debug|Win32
		{3E6050E7-45CE-4BAD-80E6-2A6E4A9BA154}.Debug|x86.Build.0 = Debug|Win32
		{3E6050E7-45CE-4BAD-80E6-2A6E4A9BA154}.Release|x64.ActiveCfg = Release|x64
		{3E6050E7-45CE-4BAD-80E6-2A6E4A9BA154}.Release|x64.Build.0 = Release|x64
		{3E6050E7-45CE-4BAD-80E6-2A6E4A9BA154}.Release|x86.ActiveCfg = Release|Win32
		{3E6050E7-45CE-4BAD-80E6-2A6E4A9BA154}.Release|x86.Build.0 = Release|Win32
	EndGlobalSection
	GlobalSection(SolutionProperties) = preSolution
		HideSolutionNode = FALSE
	EndGlobalSection
	GlobalSection(ExtensibilityGlobals) = postSolution
		SolutionGuid = {24945097-3F0A-4B9B-AB1A-D26B6EE8DDC0}
	EndGlobalSection
EndGlobal
